
Microsoft Visual Studio Solution File, Format Version 12.00
# Visual Studio Version 16
VisualStudioVersion = 16.0.30621.155
MinimumVisualStudioVersion = 10.0.40219.1
Project("{FAE04EC0-301F-11D3-BF4B-00C04F79EFBC}") = "Hit The Dice", "Hit The Dice\Hit The Dice.csproj", "{40B9DCB8-B527-4F91-8A87-23CA9F2C7AC4}"
EndProject
Global
	GlobalSection(SolutionConfigurationPlatforms) = preSolution
		Debug|Any CPU = Debug|Any CPU
		Release|Any CPU = Release|Any CPU
	EndGlobalSection
	GlobalSection(ProjectConfigurationPlatforms) = postSolution
		{40B9DCB8-B527-4F91-8A87-23CA9F2C7AC4}.Debug|Any CPU.ActiveCfg = Debug|Any CPU
		{40B9DCB8-B527-4F91-8A87-23CA9F2C7AC4}.Debug|Any CPU.Build.0 = Debug|Any CPU
		{40B9DCB8-B527-4F91-8A87-23CA9F2C7AC4}.Release|Any CPU.ActiveCfg = Release|Any CPU
		{40B9DCB8-B527-4F91-8A87-23CA9F2C7AC4}.Release|Any CPU.Build.0 = Release|Any CPU
	EndGlobalSection
	GlobalSection(SolutionProperties) = preSolution
		HideSolutionNode = FALSE
	EndGlobalSection
	GlobalSection(ExtensibilityGlobals) = postSolution
		SolutionGuid = {D04FE3BE-140D-4D85-B5B7-34345250071C}
	EndGlobalSection
EndGlobal
